categories:
  input:
    - item:
        code: general
        description: General
    - item:
        code: curve
        description: Curve Function
  output:
    - item:
        code: general
        description: General
    - item:
        code: f_mathem_o
        description: Math Function
    - item:
        code: deals
        description: Deals Function
input:
- command:
    code: single
    category: general
    name: Single Value
    description: Single Value from input control
    pattern: '{NAME} = JsonRowObject({0_SOURCE_TYPE}, {1_ASSET}, {2_TYPE}, {3_TENOR});'
    parameters:
      - item:
        parameter: 0_SOURCE_TYPE
        type: list_by_value
        placeholder: Source Type
        column: SOURCE_TYPE = {0_SOURCE_TYPE}
        values:
        - item:
          code: O
          name: Input Data
        - item:
          code: I
          name: Control Data
      - item:
        parameter: 1_ASSET
        type: list_by_value
        placeholder: Cod. Asset
        column: COD_ASSET = {1_ASSET}
        values:
          - item:
            code: manual
            name: Manual Value
          - item:
            code: none
            name: NA
          - item:
            code: EURIBOR
            name: EURIBOR
          - item:
            code: DEPO-FACILITY
            name: DEPO-FACILITY
          - item:
            code: PERC-BLEND-CD
            name: PERC-BLEND-CD
          - item:
            code: PERC-BLEND-CC
            name: PERC-BLEND-CC
          - item:
            code: SPITI3-EUR
            name: SPITI3-EUR
          - item:
            code: INTESA01
            name: INTESA01
      - item:
        parameter: 2_TYPE
        type: list_by_value
        placeholder: Cod. Type
        column: COD_TYPE = {2_TYPE}
        values:
          - item:
            code: manual
            name: Manual Value
          - item:
            code: none
            name: NA
          - item:
            code: BID
            name: BID
          - item:
            code: ASK
            name: ASK
      - item:
        parameter: 3_TENOR
        type: list_by_value
        placeholder: Cod. Tenor
        column: COD_TENOR = {3_TENOR}
        values:
          - item:
            code: manual
            name: Manual Value
          - item:
            code: none
            name: NA
          - item:
            code: 3M
            name: 3M
          - item:
            code: SN
            name: SN
          - item:
            code: 1Y
            name: 1Y
          - item:
            code: 2W
            name: 2W
          - item:
            code: TN
            name: TN
          - item:
            code: 6M
            name: 6M
          - item:
            code: 2M
            name: 2M
          - item:
            code: ON
            name: ON
          - item:
            code: 1M
            name: 1M
          - item:
            code: 9M
            name: 9M
          - item:
            code: 1W
            name: 1W
          - item:
            code: 18M
            name: 18M
- command:
    code: curve
    category: curve
    name: Struttura Curva
    description: Single Value from input control
    pattern: '{NAME} = CurveStructure({0_SOURCE_TYPE}, {1_ASSET}, {2_TYPE});'
    parameters:
      - item:
        parameter: 0_SOURCE_TYPE
        type: list_by_value
        placeholder: Source Type
        column: SOURCE_TYPE = {0_SOURCE_TYPE}
        values:
          - item:
            code: O
            name: Input Data
          - item:
            code: I
            name: Control Data
      - item:
        parameter: 1_ASSET
        type: list_by_value
        placeholder: Cod. Asset
        column: COD_ASSET = {1_ASSET}
        values:
          - item:
            code: EURIBOR
            name: EURIBOR
          - item:
            code: DEPO-FACILITY
            name: DEPO-FACILITY
          - item:
            code: PERC-BLEND-CD
            name: PERC-BLEND-CD
          - item:
            code: PERC-BLEND-CC
            name: PERC-BLEND-CC
          - item:
            code: SPITI3-EUR
            name: SPITI3-EUR
          - item:
            code: INTESA01
            name: INTESA01
      - item:
        parameter: 2_TYPE
        type: list_by_value
        placeholder: Cod. Type
        column: COD_TYPE = {2_TYPE}
        values:
          - item:
            code: manual
            name: Manual Value
          - item:
            code: none
            name: NA
          - item:
            code: BID
            name: BID
          - item:
            code: ASK
            name: ASK
output:
- command:
    code: initialize
    category: general
    name: Initialize
    description: Declare and Initialize variables
    pattern: '{0_TYPE_VAR} {NAME} = {1_VALUE};'
    parameters:
      - item:
        parameter: 0_TYPE_VAR
        type: list_by_type
        placeholder: Tipo variabile
        column: '{0_TYPE_VAR}'
        values:
          - item:
            code: Double
            name: Double
          - item:
            code: String
            name: String
          - item:
            code: String[]
            name: String[]
          - item:
            code: int
            name: int
          - item:
            code: Date
            name: Date
            import: java.sql.Date
      - item:
        parameter: 1_VALUE
        type: free_text
        placeholder: Valore di inizializzazione
        column: '{1_VALUE}'
- command:
    code: declare_array
    category: general
    name: Declare and Array
    description: Declare Array
    pattern: '{0_TYPE_VAR}[] {NAME} = new {0_TYPE_VAR}[{1_VALUE}];'
    parameters:
      - item:
        parameter: 0_TYPE_VAR
        type: list_by_type
        placeholder: Tipo variabile
        column: '{0_TYPE_VAR}'
        values:
          - item:
            code: double
            name: double
          - item:
            code: int
            name: int
      - item:
        parameter: 1_VALUE
        type: free_text
        placeholder: Lunghezza array
        column: '{1_VALUE}'
- command:
    code: assign_variable
    category: general
    name: Assegno variabile
    description: Assegno una variabile
    pattern: '{NAME} = {1_VALUE};'
    parameters:
      - item:
        parameter: 1_VALUE
        type: free_text
        placeholder: Variabile o valore
        column: '{1_VALUE}'
- command:
    code: calculate
    category: general
    name: Eseguo un calcolo
    description: Eseguo un calcolo
    pattern: '{NAME} = {1_VALUE};'
    parameters:
      - item:
        parameter: 1_VALUE
        type: calc_text
        placeholder: Variabile o valore
        column: '{1_VALUE}'
- command:
    code: round
    category: f_mathem_o
    name: Round
    description: Round
    import: java.lang.Math
    pattern: '{NAME} = MathOperator.round({1_VALUE}, {2_VALUE});'
    parameters:
      - item:
        parameter: 1_VALUE
        type: calc_text
        placeholder: Variabile da round
        column: '{1_VALUE}'
      - item:
        parameter: 2_VALUE
        type: calc_text
        placeholder: Precisione
        column: '{2_VALUE}'
- command:
    code: assign_item_to_array
    category: general
    name: Assign Array Item
    description: Assign Array Item
    pattern: '{NAME}[{1_VALUE}] = {2_VALUE};'
    parameters:
      - item:
        parameter: 1_VALUE
        type: free_text
        placeholder: Indice
        column: '{1_VALUE}'
      - item:
        parameter: 2_VALUE
        type: calc_text
        placeholder: Valore
        column: '{2_VALUE}'
- command:
    code: create_curve_structure
    category: general
    name: Create Structure Curve
    description: Create Structure Curve
    pattern: 'CurveStructure {NAME} = new CurveStructure({1_VALUE}, {2_VALUE}, {3_VALUE}, {4_VALUE}, {5_VALUE});'
    parameters:
      - item:
        parameter: 1_VALUE
        type: free_text
        placeholder: Bucket
        column: '{1_VALUE}'
      - item:
        parameter: 2_VALUE
        type: free_text
        placeholder: Tasso
        column: '{2_VALUE}'
      - item:
        parameter: 3_VALUE
        type: free_text
        placeholder: Tenor
        column: '{3_VALUE}'
      - item:
        parameter: 4_VALUE
        type: free_text
        placeholder: Fix
        column: '{4_VALUE}'
      - item:
        parameter: 5_VALUE
        type: free_text
        placeholder: Data Riferimento
        column: '{5_VALUE}'

- command:
    code: create_deal_structure
    category: general
    name: Deal Structure Curve
    description: Create Structure Curve
    pattern: 'CurveStructure {NAME} = new DealStructure({1_VALUE}, {2_VALUE}, {3_VALUE}, {4_VALUE}, {5_VALUE});'
    parameters:
      - item:
        parameter: 1_VALUE
        type: free_text
        placeholder: Bucket
        column: '{1_VALUE}'
      - item:
        parameter: 2_VALUE
        type: free_text
        placeholder: Tasso
        column: '{2_VALUE}'
      - item:
        parameter: 3_VALUE
        type: free_text
        placeholder: Tenor
        column: '{3_VALUE}'
      - item:
        parameter: 4_VALUE
        type: free_text
        placeholder: Fix
        column: '{4_VALUE}'
      - item:
        parameter: 5_VALUE
        type: free_text
        placeholder: Data Riferimento
        column: '{5_VALUE}'
- command:
    code: return_object
    category: general
    name: Return Object
    description: Return Object
    pattern: 'insert({NAME});'
    parameters: